
Microsoft Visual Studio Solution File, Format Version 12.00
# Visual Studio Version 17
VisualStudioVersion = 17.0.31903.59
MinimumVisualStudioVersion = 10.0.40219.1
Project("{FAE04EC0-301F-11D3-BF4B-00C04F79EFBC}") = "SmartHomeAutomation.API", "SmartHomeAutomation.API\SmartHomeAutomation.API.csproj", "{4D0CBD0A-AFE9-49C2-827F-7FF404B3B3A4}"
EndProject
Project("{FAE04EC0-301F-11D3-BF4B-00C04F79EFBC}") = "SmartHomeAutomation.Services", "SmartHomeAutomation.Services\SmartHomeAutomation.Services.csproj", "{719B2AA6-46BD-43CA-842E-E4FAA86E0AB2}"
EndProject
Project("{FAE04EC0-301F-11D3-BF4B-00C04F79EFBC}") = "SmartHomeAutomation.Models", "SmartHomeAutomation.Models\SmartHomeAutomation.Models.csproj", "{3F55E53F-3987-42ED-A71D-7238DCB35A0D}"
EndProject
Project("{FAE04EC0-301F-11D3-BF4B-00C04F79EFBC}") = "SmartHomeAutomation.Functions", "SmartHomeAutomation.Functions\SmartHomeAutomation.Functions.csproj", "{232867F8-0BCB-4F99-AEE6-98D98EFEF73A}"
EndProject
Global
	GlobalSection(SolutionConfigurationPlatforms) = preSolution
		Debug|Any CPU = Debug|Any CPU
		Release|Any CPU = Release|Any CPU
	EndGlobalSection
	GlobalSection(SolutionProperties) = preSolution
		HideSolutionNode = FALSE
	EndGlobalSection
	GlobalSection(ProjectConfigurationPlatforms) = postSolution
		{4D0CBD0A-AFE9-49C2-827F-7FF404B3B3A4}.Debug|Any CPU.ActiveCfg = Debug|Any CPU
		{4D0CBD0A-AFE9-49C2-827F-7FF404B3B3A4}.Debug|Any CPU.Build.0 = Debug|Any CPU
		{4D0CBD0A-AFE9-49C2-827F-7FF404B3B3A4}.Release|Any CPU.ActiveCfg = Release|Any CPU
		{4D0CBD0A-AFE9-49C2-827F-7FF404B3B3A4}.Release|Any CPU.Build.0 = Release|Any CPU
		{719B2AA6-46BD-43CA-842E-E4FAA86E0AB2}.Debug|Any CPU.ActiveCfg = Debug|Any CPU
		{719B2AA6-46BD-43CA-842E-E4FAA86E0AB2}.Debug|Any CPU.Build.0 = Debug|Any CPU
		{719B2AA6-46BD-43CA-842E-E4FAA86E0AB2}.Release|Any CPU.ActiveCfg = Release|Any CPU
		{719B2AA6-46BD-43CA-842E-E4FAA86E0AB2}.Release|Any CPU.Build.0 = Release|Any CPU
		{3F55E53F-3987-42ED-A71D-7238DCB35A0D}.Debug|Any CPU.ActiveCfg = Debug|Any CPU
		{3F55E53F-3987-42ED-A71D-7238DCB35A0D}.Debug|Any CPU.Build.0 = Debug|Any CPU
		{3F55E53F-3987-42ED-A71D-7238DCB35A0D}.Release|Any CPU.ActiveCfg = Release|Any CPU
		{3F55E53F-3987-42ED-A71D-7238DCB35A0D}.Release|Any CPU.Build.0 = Release|Any CPU
		{232867F8-0BCB-4F99-AEE6-98D98EFEF73A}.Debug|Any CPU.ActiveCfg = Debug|Any CPU
		{232867F8-0BCB-4F99-AEE6-98D98EFEF73A}.Debug|Any CPU.Build.0 = Debug|Any CPU
		{232867F8-0BCB-4F99-AEE6-98D98EFEF73A}.Release|Any CPU.ActiveCfg = Release|Any CPU
		{232867F8-0BCB-4F99-AEE6-98D98EFEF73A}.Release|Any CPU.Build.0 = Release|Any CPU
	EndGlobalSection
EndGlobal
